// !$*UTF8*$!
{
	archiveVersion = 1;
	classes = {
	};
	objectVersion = 50;
	objects = {

/* Begin PBXBuildFile section */
		069C560A26F247B900716845 /* AppDelegate.swift in Sources */ = {isa = PBXBuildFile; fileRef = 069C560926F247B900716845 /* AppDelegate.swift */; };
		069C560C26F247B900716845 /* SceneDelegate.swift in Sources */ = {isa = PBXBuildFile; fileRef = 069C560B26F247B900716845 /* SceneDelegate.swift */; };
		069C560E26F247B900716845 /* NotesViewController.swift in Sources */ = {isa = PBXBuildFile; fileRef = 069C560D26F247B900716845 /* NotesViewController.swift */; };
		069C561126F247B900716845 /* Main.storyboard in Resources */ = {isa = PBXBuildFile; fileRef = 069C560F26F247B900716845 /* Main.storyboard */; };
		069C561326F247BB00716845 /* Assets.xcassets in Resources */ = {isa = PBXBuildFile; fileRef = 069C561226F247BB00716845 /* Assets.xcassets */; };
		069C561626F247BB00716845 /* LaunchScreen.storyboard in Resources */ = {isa = PBXBuildFile; fileRef = 069C561426F247BB00716845 /* LaunchScreen.storyboard */; };
		069C562226F24B2000716845 /* NoteViewController.swift in Sources */ = {isa = PBXBuildFile; fileRef = 069C562126F24B2000716845 /* NoteViewController.swift */; };
		069C562426F24B3900716845 /* EntryNoteViewController.swift in Sources */ = {isa = PBXBuildFile; fileRef = 069C562326F24B3900716845 /* EntryNoteViewController.swift */; };
		069C562726F4D2B900716845 /* NoteModel.xcdatamodeld in Sources */ = {isa = PBXBuildFile; fileRef = 069C562526F4D2B900716845 /* NoteModel.xcdatamodeld */; };
		06C3AED326F8AC4F00C1BB6D /* DBHandler.swift in Sources */ = {isa = PBXBuildFile; fileRef = 06C3AED226F8AC4F00C1BB6D /* DBHandler.swift */; };
/* End PBXBuildFile section */

/* Begin PBXFileReference section */
		069C560626F247B900716845 /* Simple Notes.app */ = {isa = PBXFileReference; explicitFileType = wrapper.application; includeInIndex = 0; path = "Simple Notes.app"; sourceTree = BUILT_PRODUCTS_DIR; };
		069C560926F247B900716845 /* AppDelegate.swift */ = {isa = PBXFileReference; lastKnownFileType = sourcecode.swift; path = AppDelegate.swift; sourceTree = "<group>"; };
		069C560B26F247B900716845 /* SceneDelegate.swift */ = {isa = PBXFileReference; lastKnownFileType = sourcecode.swift; path = SceneDelegate.swift; sourceTree = "<group>"; };
		069C560D26F247B900716845 /* NotesViewController.swift */ = {isa = PBXFileReference; lastKnownFileType = sourcecode.swift; path = NotesViewController.swift; sourceTree = "<group>"; };
		069C561026F247B900716845 /* Base */ = {isa = PBXFileReference; lastKnownFileType = file.storyboard; name = Base; path = Base.lproj/Main.storyboard; sourceTree = "<group>"; };
		069C561226F247BB00716845 /* Assets.xcassets */ = {isa = PBXFileReference; lastKnownFileType = folder.assetcatalog; path = Assets.xcassets; sourceTree = "<group>"; };
		069C561526F247BB00716845 /* Base */ = {isa = PBXFileReference; lastKnownFileType = file.storyboard; name = Base; path = Base.lproj/LaunchScreen.storyboard; sourceTree = "<group>"; };
		069C561726F247BB00716845 /* Info.plist */ = {isa = PBXFileReference; lastKnownFileType = text.plist.xml; path = Info.plist; sourceTree = "<group>"; };
		069C562126F24B2000716845 /* NoteViewController.swift */ = {isa = PBXFileReference; lastKnownFileType = sourcecode.swift; path = NoteViewController.swift; sourceTree = "<group>"; };
		069C562326F24B3900716845 /* EntryNoteViewController.swift */ = {isa = PBXFileReference; lastKnownFileType = sourcecode.swift; path = EntryNoteViewController.swift; sourceTree = "<group>"; };
		069C562626F4D2B900716845 /* NoteModel.xcdatamodel */ = {isa = PBXFileReference; lastKnownFileType = wrapper.xcdatamodel; path = NoteModel.xcdatamodel; sourceTree = "<group>"; };
		06C3AED226F8AC4F00C1BB6D /* DBHandler.swift */ = {isa = PBXFileReference; lastKnownFileType = sourcecode.swift; path = DBHandler.swift; sourceTree = "<group>"; };
/* End PBXFileReference section */

/* Begin PBXFrameworksBuildPhase section */
		069C560326F247B900716845 /* Frameworks */ = {
			isa = PBXFrameworksBuildPhase;
			buildActionMask = 2147483647;
			files = (
			);
			runOnlyForDeploymentPostprocessing = 0;
		};
/* End PBXFrameworksBuildPhase section */

/* Begin PBXGroup section */
		069C55FD26F247B900716845 = {
			isa = PBXGroup;
			children = (
				069C560826F247B900716845 /* Simple Notes */,
				069C560726F247B900716845 /* Products */,
			);
			sourceTree = "<group>";
		};
		069C560726F247B900716845 /* Products */ = {
			isa = PBXGroup;
			children = (
				069C560626F247B900716845 /* Simple Notes.app */,
			);
			name = Products;
			sourceTree = "<group>";
		};
		069C560826F247B900716845 /* Simple Notes */ = {
			isa = PBXGroup;
			children = (
				06C3AED526F8B04E00C1BB6D /* View Controllers */,
				069C560B26F247B900716845 /* SceneDelegate.swift */,
				069C560926F247B900716845 /* AppDelegate.swift */,
				069C560F26F247B900716845 /* Main.storyboard */,
				069C561226F247BB00716845 /* Assets.xcassets */,
				069C561426F247BB00716845 /* LaunchScreen.storyboard */,
				06C3AED426F8AC9D00C1BB6D /* Handlers */,
				069C562826F4D2C600716845 /* Data Models */,
				069C561726F247BB00716845 /* Info.plist */,
			);
			path = "Simple Notes";
			sourceTree = "<group>";
		};
		069C562826F4D2C600716845 /* Data Models */ = {
			isa = PBXGroup;
			children = (
				069C562526F4D2B900716845 /* NoteModel.xcdatamodeld */,
			);
			path = "Data Models";
			sourceTree = "<group>";
		};
		06C3AED426F8AC9D00C1BB6D /* Handlers */ = {
			isa = PBXGroup;
			children = (
				06C3AED226F8AC4F00C1BB6D /* DBHandler.swift */,
			);
			path = Handlers;
			sourceTree = "<group>";
		};
		06C3AED526F8B04E00C1BB6D /* View Controllers */ = {
			isa = PBXGroup;
			children = (
				069C562126F24B2000716845 /* NoteViewController.swift */,
				069C562326F24B3900716845 /* EntryNoteViewController.swift */,
				069C560D26F247B900716845 /* NotesViewController.swift */,
			);
			path = "View Controllers";
			sourceTree = "<group>";
		};
/* End PBXGroup section */

/* Begin PBXNativeTarget section */
		069C560526F247B900716845 /* Simple Notes */ = {
			isa = PBXNativeTarget;
			buildConfigurationList = 069C561A26F247BB00716845 /* Build configuration list for PBXNativeTarget "Simple Notes" */;
			buildPhases = (
				069C560226F247B900716845 /* Sources */,
				069C560326F247B900716845 /* Frameworks */,
				069C560426F247B900716845 /* Resources */,
			);
			buildRules = (
			);
			dependencies = (
			);
			name = "Simple Notes";
			productName = "Simple Notes";
			productReference = 069C560626F247B900716845 /* Simple Notes.app */;
			productType = "com.apple.product-type.application";
		};
/* End PBXNativeTarget section */

/* Begin PBXProject section */
		069C55FE26F247B900716845 /* Project object */ = {
			isa = PBXProject;
			attributes = {
				LastSwiftUpdateCheck = 1250;
				LastUpgradeCheck = 1250;
				TargetAttributes = {
					069C560526F247B900716845 = {
						CreatedOnToolsVersion = 12.5.1;
					};
				};
			};
			buildConfigurationList = 069C560126F247B900716845 /* Build configuration list for PBXProject "Simple Notes" */;
			compatibilityVersion = "Xcode 9.3";
			developmentRegion = en;
			hasScannedForEncodings = 0;
			knownRegions = (
				en,
				Base,
			);
			mainGroup = 069C55FD26F247B900716845;
			productRefGroup = 069C560726F247B900716845 /* Products */;
			projectDirPath = "";
			projectRoot = "";
			targets = (
				069C560526F247B900716845 /* Simple Notes */,
			);
		};
/* End PBXProject section */

/* Begin PBXResourcesBuildPhase section */
		069C560426F247B900716845 /* Resources */ = {
			isa = PBXResourcesBuildPhase;
			buildActionMask = 2147483647;
			files = (
				069C561626F247BB00716845 /* LaunchScreen.storyboard in Resources */,
				069C561326F247BB00716845 /* Assets.xcassets in Resources */,
				069C561126F247B900716845 /* Main.storyboard in Resources */,
			);
			runOnlyForDeploymentPostprocessing = 0;
		};
/* End PBXResourcesBuildPhase section */

/* Begin PBXSourcesBuildPhase section */
		069C560226F247B900716845 /* Sources */ = {
			isa = PBXSourcesBuildPhase;
			buildActionMask = 2147483647;
			files = (
				069C560E26F247B900716845 /* NotesViewController.swift in Sources */,
				06C3AED326F8AC4F00C1BB6D /* DBHandler.swift in Sources */,
				069C560A26F247B900716845 /* AppDelegate.swift in Sources */,
				069C560C26F247B900716845 /* SceneDelegate.swift in Sources */,
				069C562226F24B2000716845 /* NoteViewController.swift in Sources */,
				069C562426F24B3900716845 /* EntryNoteViewController.swift in Sources */,
				069C562726F4D2B900716845 /* NoteModel.xcdatamodeld in Sources */,
			);
			runOnlyForDeploymentPostprocessing = 0;
		};
/* End PBXSourcesBuildPhase section */

/* Begin PBXVariantGroup section */
		069C560F26F247B900716845 /* Main.storyboard */ = {
			isa = PBXVariantGroup;
			children = (
				069C561026F247B900716845 /* Base */,
			);
			name = Main.storyboard;
			sourceTree = "<group>";
		};
		069C561426F247BB00716845 /* LaunchScreen.storyboard */ = {
			isa = PBXVariantGroup;
			children = (
				069C561526F247BB00716845 /* Base */,
			);
			name = LaunchScreen.storyboard;
			sourceTree = "<group>";
		};
/* End PBXVariantGroup section */

/* Begin XCBuildConfiguration section */
		069C561826F247BB00716845 /* Debug */ = {
			isa = XCBuildConfiguration;
			buildSettings = {
				ALWAYS_SEARCH_USER_PATHS = NO;
				CLANG_ANALYZER_NONNULL = YES;
				CLANG_ANALYZER_NUMBER_OBJECT_CONVERSION = YES_AGGRESSIVE;
				CLANG_CXX_LANGUAGE_STANDARD = "gnu++14";
				CLANG_CXX_LIBRARY = "libc++";
				CLANG_ENABLE_MODULES = YES;
				CLANG_ENABLE_OBJC_ARC = YES;
				CLANG_ENABLE_OBJC_WEAK = YES;
				CLANG_WARN_BLOCK_CAPTURE_AUTORELEASING = YES;
				CLANG_WARN_BOOL_CONVERSION = YES;
				CLANG_WARN_COMMA = YES;
				CLANG_WARN_CONSTANT_CONVERSION = YES;
				CLANG_WARN_DEPRECATED_OBJC_IMPLEMENTATIONS = YES;
				CLANG_WARN_DIRECT_OBJC_ISA_USAGE = YES_ERROR;
				CLANG_WARN_DOCUMENTATION_COMMENTS = YES;
				CLANG_WARN_EMPTY_BODY = YES;
				CLANG_WARN_ENUM_CONVERSION = YES;
				CLANG_WARN_INFINITE_RECURSION = YES;
				CLANG_WARN_INT_CONVERSION = YES;
				CLANG_WARN_NON_LITERAL_NULL_CONVERSION = YES;
				CLANG_WARN_OBJC_IMPLICIT_RETAIN_SELF = YES;
				CLANG_WARN_OBJC_LITERAL_CONVERSION = YES;
				CLANG_WARN_OBJC_ROOT_CLASS = YES_ERROR;
				CLANG_WARN_QUOTED_INCLUDE_IN_FRAMEWORK_HEADER = YES;
				CLANG_WARN_RANGE_LOOP_ANALYSIS = YES;
				CLANG_WARN_STRICT_PROTOTYPES = YES;
				CLANG_WARN_SUSPICIOUS_MOVE = YES;
				CLANG_WARN_UNGUARDED_AVAILABILITY = YES_AGGRESSIVE;
				CLANG_WARN_UNREACHABLE_CODE = YES;
				CLANG_WARN__DUPLICATE_METHOD_MATCH = YES;
				COPY_PHASE_STRIP = NO;
				DEBUG_INFORMATION_FORMAT = dwarf;
				ENABLE_STRICT_OBJC_MSGSEND = YES;
				ENABLE_TESTABILITY = YES;
				GCC_C_LANGUAGE_STANDARD = gnu11;
				GCC_DYNAMIC_NO_PIC = NO;
				GCC_NO_COMMON_BLOCKS = YES;
				GCC_OPTIMIZATION_LEVEL = 0;
				GCC_PREPROCESSOR_DEFINITIONS = (
					"DEBUG=1",
					"$(inherited)",
				);
				GCC_WARN_64_TO_32_BIT_CONVERSION = YES;
				GCC_WARN_ABOUT_RETURN_TYPE = YES_ERROR;
				GCC_WARN_UNDECLARED_SELECTOR = YES;
				GCC_WARN_UNINITIALIZED_AUTOS = YES_AGGRESSIVE;
				GCC_WARN_UNUSED_FUNCTION = YES;
				GCC_WARN_UNUSED_VARIABLE = YES;
				IPHONEOS_DEPLOYMENT_TARGET = 14.5;
				MTL_ENABLE_DEBUG_INFO = INCLUDE_SOURCE;
				MTL_FAST_MATH = YES;
				ONLY_ACTIVE_ARCH = YES;
				SDKROOT = iphoneos;
				SWIFT_ACTIVE_COMPILATION_CONDITIONS = DEBUG;
				SWIFT_OPTIMIZATION_LEVEL = "-Onone";
			};
			name = Debug;
		};
		069C561926F247BB00716845 /* Release */ = {
			isa = XCBuildConfiguration;
			buildSettings = {
				ALWAYS_SEARCH_USER_PATHS = NO;
				CLANG_ANALYZER_NONNULL = YES;
				CLANG_ANALYZER_NUMBER_OBJECT_CONVERSION = YES_AGGRESSIVE;
				CLANG_CXX_LANGUAGE_STANDARD = "gnu++14";
				CLANG_CXX_LIBRARY = "libc++";
				CLANG_ENABLE_MODULES = YES;
				CLANG_ENABLE_OBJC_ARC = YES;
				CLANG_ENABLE_OBJC_WEAK = YES;
				CLANG_WARN_BLOCK_CAPTURE_AUTORELEASING = YES;
				CLANG_WARN_BOOL_CONVERSION = YES;
				CLANG_WARN_COMMA = YES;
				CLANG_WARN_CONSTANT_CONVERSION = YES;
				CLANG_WARN_DEPRECATED_OBJC_IMPLEMENTATIONS = YES;
				CLANG_WARN_DIRECT_OBJC_ISA_USAGE = YES_ERROR;
				CLANG_WARN_DOCUMENTATION_COMMENTS = YES;
				CLANG_WARN_EMPTY_BODY = YES;
				CLANG_WARN_ENUM_CONVERSION = YES;
				CLANG_WARN_INFINITE_RECURSION = YES;
				CLANG_WARN_INT_CONVERSION = YES;
				CLANG_WARN_NON_LITERAL_NULL_CONVERSION = YES;
				CLANG_WARN_OBJC_IMPLICIT_RETAIN_SELF = YES;
				CLANG_WARN_OBJC_LITERAL_CONVERSION = YES;
				CLANG_WARN_OBJC_ROOT_CLASS = YES_ERROR;
				CLANG_WARN_QUOTED_INCLUDE_IN_FRAMEWORK_HEADER = YES;
				CLANG_WARN_RANGE_LOOP_ANALYSIS = YES;
				CLANG_WARN_STRICT_PROTOTYPES = YES;
				CLANG_WARN_SUSPICIOUS_MOVE = YES;
				CLANG_WARN_UNGUARDED_AVAILABILITY = YES_AGGRESSIVE;
				CLANG_WARN_UNREACHABLE_CODE = YES;
				CLANG_WARN__DUPLICATE_METHOD_MATCH = YES;
				COPY_PHASE_STRIP = NO;
				DEBUG_INFORMATION_FORMAT = "dwarf-with-dsym";
				ENABLE_NS_ASSERTIONS = NO;
				ENABLE_STRICT_OBJC_MSGSEND = YES;
				GCC_C_LANGUAGE_STANDARD = gnu11;
				GCC_NO_COMMON_BLOCKS = YES;
				GCC_WARN_64_TO_32_BIT_CONVERSION = YES;
				GCC_WARN_ABOUT_RETURN_TYPE = YES_ERROR;
				GCC_WARN_UNDECLARED_SELECTOR = YES;
				GCC_WARN_UNINITIALIZED_AUTOS = YES_AGGRESSIVE;
				GCC_WARN_UNUSED_FUNCTION = YES;
				GCC_WARN_UNUSED_VARIABLE = YES;
				IPHONEOS_DEPLOYMENT_TARGET = 14.5;
				MTL_ENABLE_DEBUG_INFO = NO;
				MTL_FAST_MATH = YES;
				SDKROOT = iphoneos;
				SWIFT_COMPILATION_MODE = wholemodule;
				SWIFT_OPTIMIZATION_LEVEL = "-O";
				VALIDATE_PRODUCT = YES;
			};
			name = Release;
		};
		069C561B26F247BB00716845 /* Debug */ = {
			isa = XCBuildConfiguration;
			buildSettings = {
				ASSETCATALOG_COMPILER_APPICON_NAME = AppIcon;
				ASSETCATALOG_COMPILER_GLOBAL_ACCENT_COLOR_NAME = AccentColor;
				CODE_SIGN_STYLE = Automatic;
				DEVELOPMENT_TEAM = Z79F9P9792;
				INFOPLIST_FILE = "Simple Notes/Info.plist";
				LD_RUNPATH_SEARCH_PATHS = (
					"$(inherited)",
					"@executable_path/Frameworks",
				);
				PRODUCT_BUNDLE_IDENTIFIER = "antonabbasov.Simple-Notes";
				PRODUCT_NAME = "$(TARGET_NAME)";
				SWIFT_VERSION = 5.0;
				TARGETED_DEVICE_FAMILY = "1,2";
			};
			name = Debug;
		};
		069C561C26F247BB00716845 /* Release */ = {
			isa = XCBuildConfiguration;
			buildSettings = {
				ASSETCATALOG_COMPILER_APPICON_NAME = AppIcon;
				ASSETCATALOG_COMPILER_GLOBAL_ACCENT_COLOR_NAME = AccentColor;
				CODE_SIGN_STYLE = Automatic;
				DEVELOPMENT_TEAM = Z79F9P9792;
				INFOPLIST_FILE = "Simple Notes/Info.plist";
				LD_RUNPATH_SEARCH_PATHS = (
					"$(inherited)",
					"@executable_path/Frameworks",
				);
				PRODUCT_BUNDLE_IDENTIFIER = "antonabbasov.Simple-Notes";
				PRODUCT_NAME = "$(TARGET_NAME)";
				SWIFT_VERSION = 5.0;
				TARGETED_DEVICE_FAMILY = "1,2";
			};
			name = Release;
		};
/* End XCBuildConfiguration section */

/* Begin XCConfigurationList section */
		069C560126F247B900716845 /* Build configuration list for PBXProject "Simple Notes" */ = {
			isa = XCConfigurationList;
			buildConfigurations = (
				069C561826F247BB00716845 /* Debug */,
				069C561926F247BB00716845 /* Release */,
			);
			defaultConfigurationIsVisible = 0;
			defaultConfigurationName = Release;
		};
		069C561A26F247BB00716845 /* Build configuration list for PBXNativeTarget "Simple Notes" */ = {
			isa = XCConfigurationList;
			buildConfigurations = (
				069C561B26F247BB00716845 /* Debug */,
				069C561C26F247BB00716845 /* Release */,
			);
			defaultConfigurationIsVisible = 0;
			defaultConfigurationName = Release;
		};
/* End XCConfigurationList section */

/* Begin XCVersionGroup section */
		069C562526F4D2B900716845 /* NoteModel.xcdatamodeld */ = {
			isa = XCVersionGroup;
			children = (
				069C562626F4D2B900716845 /* NoteModel.xcdatamodel */,
			);
			currentVersion = 069C562626F4D2B900716845 /* NoteModel.xcdatamodel */;
			path = NoteModel.xcdatamodeld;
			sourceTree = "<group>";
			versionGroupType = wrapper.xcdatamodel;
		};
/* End XCVersionGroup section */
	};
	rootObject = 069C55FE26F247B900716845 /* Project object */;
}
